
Microsoft Visual Studio Solution File, Format Version 12.00
# Visual Studio Version 16
VisualStudioVersion = 16.0.29806.167
MinimumVisualStudioVersion = 10.0.40219.1
Project("{FAE04EC0-301F-11D3-BF4B-00C04F79EFBC}") = "Dictionary", "Dictionary\Dictionary.csproj", "{5DDD092E-038A-4724-843B-E5660E6D78AA}"
EndProject
Global
	GlobalSection(SolutionConfigurationPlatforms) = preSolution
		Debug|Any CPU = Debug|Any CPU
		Release|Any CPU = Release|Any CPU
	EndGlobalSection
	GlobalSection(ProjectConfigurationPlatforms) = postSolution
		{5DDD092E-038A-4724-843B-E5660E6D78AA}.Debug|Any CPU.ActiveCfg = Debug|Any CPU
		{5DDD092E-038A-4724-843B-E5660E6D78AA}.Debug|Any CPU.Build.0 = Debug|Any CPU
		{5DDD092E-038A-4724-843B-E5660E6D78AA}.Release|Any CPU.ActiveCfg = Release|Any CPU
		{5DDD092E-038A-4724-843B-E5660E6D78AA}.Release|Any CPU.Build.0 = Release|Any CPU
	EndGlobalSection
	GlobalSection(SolutionProperties) = preSolution
		HideSolutionNode = FALSE
	EndGlobalSection
	GlobalSection(ExtensibilityGlobals) = postSolution
		SolutionGuid = {9EC22458-4BD8-42DB-9A62-10D99134F75A}
	EndGlobalSection
EndGlobal
